
Microsoft Visual Studio Solution File, Format Version 12.00
# Visual Studio Version 17
VisualStudioVersion = 17.6.33712.159
MinimumVisualStudioVersion = 10.0.40219.1
Project("{FAE04EC0-301F-11D3-BF4B-00C04F79EFBC}") = "Apttus.XAuthor.AICAdapter", "appbuilder_adapters\AICAdapter\Apttus.XAuthor.AICAdapter.csproj", "{F58B81AD-D6E8-4167-B513-734E6F277ED8}"
EndProject
Project("{2150E333-8FDC-42A3-9474-1A3956D46DE8}") = "Adapters", "Adapters", "{E5FE8DCB-3AA6-4B34-9579-1FACEC68E30D}"
EndProject
Project("{FAE04EC0-301F-11D3-BF4B-00C04F79EFBC}") = "Apttus.XAuthor.DynamicsAdapter", "appbuilder_adapters\DynamicsAdapter\Apttus.XAuthor.DynamicsAdapter.csproj", "{55180E68-95E7-4FDC-BBDF-2496C965E369}"
EndProject
Project("{FAE04EC0-301F-11D3-BF4B-00C04F79EFBC}") = "Apttus.XAuthor.SalesforceAdapter", "appbuilder_adapters\SalesforceAdapter\Apttus.XAuthor.SalesforceAdapter.csproj", "{053EA96A-7B55-4E82-B2B1-B05667CDAEBE}"
EndProject
Project("{2150E333-8FDC-42A3-9474-1A3956D46DE8}") = "Logins", "Logins", "{49CA3EE2-C358-4F50-A8A4-ACADD148FA27}"
EndProject
Project("{FAE04EC0-301F-11D3-BF4B-00C04F79EFBC}") = "Apttus.IntelligentCloud.Login", "common_aiclogin\Apttus.IntelligentCloud.Login\Apttus.IntelligentCloud.Login.csproj", "{2CD78104-D4C8-4AB5-BED6-AEDB3B00A74C}"
EndProject
Project("{FAE04EC0-301F-11D3-BF4B-00C04F79EFBC}") = "Apttus.IntelligentCloudV2.Login", "common_aicv2login\Apttus.IntelligentCloudV2.Login\Apttus.IntelligentCloudV2.Login\Apttus.IntelligentCloudV2.Login.csproj", "{63DD3EDE-4A9B-47B7-818C-0564732F5BC5}"
EndProject
Project("{FAE04EC0-301F-11D3-BF4B-00C04F79EFBC}") = "Apttus.DynamicsCRM.LoginControl", "common_dynamicscrmlogin\Apttus.DynamicsCRM.LoginControl.csproj", "{FE6CB7F7-1F2E-44F1-8156-ACB55D8E4369}"
EndProject
Project("{FAE04EC0-301F-11D3-BF4B-00C04F79EFBC}") = "ApttusOAuthLoginControl", "common_oauthlogin\ApttusOAuthLogin\ApttusOAuthLoginControl.csproj", "{F76D1067-5956-40A6-B1E7-B46299823051}"
EndProject
Project("{FAE04EC0-301F-11D3-BF4B-00C04F79EFBC}") = "Apttus.XAuthor.Batch", "appbuilder_batch\Apttus.XAuthor.Batch.csproj", "{07F88490-20E1-4AD6-84AE-F09FDBB739B2}"
EndProject
Project("{FAE04EC0-301F-11D3-BF4B-00C04F79EFBC}") = "Apttus.XAuthor.BatchExe", "appbuilder_batch_exe\Apttus.XAuthor.BatchExe.csproj", "{205F2E7E-6244-428E-ABD3-73F95C897D46}"
EndProject
Project("{FAE04EC0-301F-11D3-BF4B-00C04F79EFBC}") = "Apttus.XAuthor.Core", "appbuilder_core\Apttus.XAuthor.Core.csproj", "{6FF19B34-4D89-4631-8353-E685F72EE577}"
	ProjectSection(ProjectDependencies) = postProject
		{053EA96A-7B55-4E82-B2B1-B05667CDAEBE} = {053EA96A-7B55-4E82-B2B1-B05667CDAEBE}
		{55180E68-95E7-4FDC-BBDF-2496C965E369} = {55180E68-95E7-4FDC-BBDF-2496C965E369}
		{6B50BC68-4471-42D4-972C-40986AD065BF} = {6B50BC68-4471-42D4-972C-40986AD065BF}
		{F58B81AD-D6E8-4167-B513-734E6F277ED8} = {F58B81AD-D6E8-4167-B513-734E6F277ED8}
	EndProjectSection
EndProject
Project("{FAE04EC0-301F-11D3-BF4B-00C04F79EFBC}") = "Apttus.XAuthor.AppDesigner", "appbuilder_designer\Apttus.XAuthor.AppDesigner.csproj", "{2FF0CFC4-60C8-49E3-8997-E7F127E1D6FD}"
EndProject
Project("{FAE04EC0-301F-11D3-BF4B-00C04F79EFBC}") = "Apttus.XAuthor.ExtensionLib", "appbuilder_main\Apttus.XAuthor.ExtensionLib\Apttus.XAuthor.ExtensionLib.csproj", "{6B50BC68-4471-42D4-972C-40986AD065BF}"
EndProject
Project("{FAE04EC0-301F-11D3-BF4B-00C04F79EFBC}") = "Apttus.XAuthor.AppRuntime", "appbuilder_runtime\Apttus.XAuthor.AppRuntime.csproj", "{102AA1A9-B359-4F72-B684-13FC827257EA}"
EndProject
Global
	GlobalSection(SolutionConfigurationPlatforms) = preSolution
		Debug|Any CPU = Debug|Any CPU
		Debug|x64 = Debug|x64
		Release|Any CPU = Release|Any CPU
		Release|x64 = Release|x64
		x64|Any CPU = x64|Any CPU
		x64|x64 = x64|x64
	EndGlobalSection
	GlobalSection(ProjectConfigurationPlatforms) = postSolution
		{F58B81AD-D6E8-4167-B513-734E6F277ED8}.Debug|Any CPU.ActiveCfg = Debug|Any CPU
		{F58B81AD-D6E8-4167-B513-734E6F277ED8}.Debug|Any CPU.Build.0 = Debug|Any CPU
		{F58B81AD-D6E8-4167-B513-734E6F277ED8}.Debug|x64.ActiveCfg = Debug|x64
		{F58B81AD-D6E8-4167-B513-734E6F277ED8}.Debug|x64.Build.0 = Debug|x64
		{F58B81AD-D6E8-4167-B513-734E6F277ED8}.Release|Any CPU.ActiveCfg = Release|Any CPU
		{F58B81AD-D6E8-4167-B513-734E6F277ED8}.Release|Any CPU.Build.0 = Release|Any CPU
		{F58B81AD-D6E8-4167-B513-734E6F277ED8}.Release|x64.ActiveCfg = Release|x64
		{F58B81AD-D6E8-4167-B513-734E6F277ED8}.Release|x64.Build.0 = Release|x64
		{F58B81AD-D6E8-4167-B513-734E6F277ED8}.x64|Any CPU.ActiveCfg = Release|Any CPU
		{F58B81AD-D6E8-4167-B513-734E6F277ED8}.x64|Any CPU.Build.0 = Release|Any CPU
		{F58B81AD-D6E8-4167-B513-734E6F277ED8}.x64|x64.ActiveCfg = Release|x64
		{F58B81AD-D6E8-4167-B513-734E6F277ED8}.x64|x64.Build.0 = Release|x64
		{55180E68-95E7-4FDC-BBDF-2496C965E369}.Debug|Any CPU.ActiveCfg = Debug|Any CPU
		{55180E68-95E7-4FDC-BBDF-2496C965E369}.Debug|Any CPU.Build.0 = Debug|Any CPU
		{55180E68-95E7-4FDC-BBDF-2496C965E369}.Debug|x64.ActiveCfg = Debug|Any CPU
		{55180E68-95E7-4FDC-BBDF-2496C965E369}.Debug|x64.Build.0 = Debug|Any CPU
		{55180E68-95E7-4FDC-BBDF-2496C965E369}.Release|Any CPU.ActiveCfg = Release|Any CPU
		{55180E68-95E7-4FDC-BBDF-2496C965E369}.Release|Any CPU.Build.0 = Release|Any CPU
		{55180E68-95E7-4FDC-BBDF-2496C965E369}.Release|x64.ActiveCfg = Release|Any CPU
		{55180E68-95E7-4FDC-BBDF-2496C965E369}.Release|x64.Build.0 = Release|Any CPU
		{55180E68-95E7-4FDC-BBDF-2496C965E369}.x64|Any CPU.ActiveCfg = Debug|Any CPU
		{55180E68-95E7-4FDC-BBDF-2496C965E369}.x64|Any CPU.Build.0 = Debug|Any CPU
		{55180E68-95E7-4FDC-BBDF-2496C965E369}.x64|x64.ActiveCfg = Debug|Any CPU
		{55180E68-95E7-4FDC-BBDF-2496C965E369}.x64|x64.Build.0 = Debug|Any CPU
		{053EA96A-7B55-4E82-B2B1-B05667CDAEBE}.Debug|Any CPU.ActiveCfg = Debug|Any CPU
		{053EA96A-7B55-4E82-B2B1-B05667CDAEBE}.Debug|Any CPU.Build.0 = Debug|Any CPU
		{053EA96A-7B55-4E82-B2B1-B05667CDAEBE}.Debug|x64.ActiveCfg = Debug|Any CPU
		{053EA96A-7B55-4E82-B2B1-B05667CDAEBE}.Debug|x64.Build.0 = Debug|Any CPU
		{053EA96A-7B55-4E82-B2B1-B05667CDAEBE}.Release|Any CPU.ActiveCfg = Release|Any CPU
		{053EA96A-7B55-4E82-B2B1-B05667CDAEBE}.Release|Any CPU.Build.0 = Release|Any CPU
		{053EA96A-7B55-4E82-B2B1-B05667CDAEBE}.Release|x64.ActiveCfg = Release|Any CPU
		{053EA96A-7B55-4E82-B2B1-B05667CDAEBE}.Release|x64.Build.0 = Release|Any CPU
		{053EA96A-7B55-4E82-B2B1-B05667CDAEBE}.x64|Any CPU.ActiveCfg = Debug|Any CPU
		{053EA96A-7B55-4E82-B2B1-B05667CDAEBE}.x64|Any CPU.Build.0 = Debug|Any CPU
		{053EA96A-7B55-4E82-B2B1-B05667CDAEBE}.x64|x64.ActiveCfg = Debug|Any CPU
		{053EA96A-7B55-4E82-B2B1-B05667CDAEBE}.x64|x64.Build.0 = Debug|Any CPU
		{2CD78104-D4C8-4AB5-BED6-AEDB3B00A74C}.Debug|Any CPU.ActiveCfg = Debug|Any CPU
		{2CD78104-D4C8-4AB5-BED6-AEDB3B00A74C}.Debug|Any CPU.Build.0 = Debug|Any CPU
		{2CD78104-D4C8-4AB5-BED6-AEDB3B00A74C}.Debug|x64.ActiveCfg = Debug|Any CPU
		{2CD78104-D4C8-4AB5-BED6-AEDB3B00A74C}.Debug|x64.Build.0 = Debug|Any CPU
		{2CD78104-D4C8-4AB5-BED6-AEDB3B00A74C}.Release|Any CPU.ActiveCfg = Release|Any CPU
		{2CD78104-D4C8-4AB5-BED6-AEDB3B00A74C}.Release|Any CPU.Build.0 = Release|Any CPU
		{2CD78104-D4C8-4AB5-BED6-AEDB3B00A74C}.Release|x64.ActiveCfg = Release|Any CPU
		{2CD78104-D4C8-4AB5-BED6-AEDB3B00A74C}.Release|x64.Build.0 = Release|Any CPU
		{2CD78104-D4C8-4AB5-BED6-AEDB3B00A74C}.x64|Any CPU.ActiveCfg = Debug|Any CPU
		{2CD78104-D4C8-4AB5-BED6-AEDB3B00A74C}.x64|Any CPU.Build.0 = Debug|Any CPU
		{2CD78104-D4C8-4AB5-BED6-AEDB3B00A74C}.x64|x64.ActiveCfg = Debug|Any CPU
		{2CD78104-D4C8-4AB5-BED6-AEDB3B00A74C}.x64|x64.Build.0 = Debug|Any CPU
		{63DD3EDE-4A9B-47B7-818C-0564732F5BC5}.Debug|Any CPU.ActiveCfg = Debug|Any CPU
		{63DD3EDE-4A9B-47B7-818C-0564732F5BC5}.Debug|Any CPU.Build.0 = Debug|Any CPU
		{63DD3EDE-4A9B-47B7-818C-0564732F5BC5}.Debug|x64.ActiveCfg = Debug|Any CPU
		{63DD3EDE-4A9B-47B7-818C-0564732F5BC5}.Debug|x64.Build.0 = Debug|Any CPU
		{63DD3EDE-4A9B-47B7-818C-0564732F5BC5}.Release|Any CPU.ActiveCfg = Release|Any CPU
		{63DD3EDE-4A9B-47B7-818C-0564732F5BC5}.Release|Any CPU.Build.0 = Release|Any CPU
		{63DD3EDE-4A9B-47B7-818C-0564732F5BC5}.Release|x64.ActiveCfg = Release|Any CPU
		{63DD3EDE-4A9B-47B7-818C-0564732F5BC5}.Release|x64.Build.0 = Release|Any CPU
		{63DD3EDE-4A9B-47B7-818C-0564732F5BC5}.x64|Any CPU.ActiveCfg = x64|Any CPU
		{63DD3EDE-4A9B-47B7-818C-0564732F5BC5}.x64|Any CPU.Build.0 = x64|Any CPU
		{63DD3EDE-4A9B-47B7-818C-0564732F5BC5}.x64|x64.ActiveCfg = x64|Any CPU
		{63DD3EDE-4A9B-47B7-818C-0564732F5BC5}.x64|x64.Build.0 = x64|Any CPU
		{FE6CB7F7-1F2E-44F1-8156-ACB55D8E4369}.Debug|Any CPU.ActiveCfg = Debug|Any CPU
		{FE6CB7F7-1F2E-44F1-8156-ACB55D8E4369}.Debug|Any CPU.Build.0 = Debug|Any CPU
		{FE6CB7F7-1F2E-44F1-8156-ACB55D8E4369}.Debug|x64.ActiveCfg = Debug|Any CPU
		{FE6CB7F7-1F2E-44F1-8156-ACB55D8E4369}.Debug|x64.Build.0 = Debug|Any CPU
		{FE6CB7F7-1F2E-44F1-8156-ACB55D8E4369}.Release|Any CPU.ActiveCfg = Release|Any CPU
		{FE6CB7F7-1F2E-44F1-8156-ACB55D8E4369}.Release|Any CPU.Build.0 = Release|Any CPU
		{FE6CB7F7-1F2E-44F1-8156-ACB55D8E4369}.Release|x64.ActiveCfg = Release|Any CPU
		{FE6CB7F7-1F2E-44F1-8156-ACB55D8E4369}.Release|x64.Build.0 = Release|Any CPU
		{FE6CB7F7-1F2E-44F1-8156-ACB55D8E4369}.x64|Any CPU.ActiveCfg = Debug|Any CPU
		{FE6CB7F7-1F2E-44F1-8156-ACB55D8E4369}.x64|Any CPU.Build.0 = Debug|Any CPU
		{FE6CB7F7-1F2E-44F1-8156-ACB55D8E4369}.x64|x64.ActiveCfg = Debug|Any CPU
		{FE6CB7F7-1F2E-44F1-8156-ACB55D8E4369}.x64|x64.Build.0 = Debug|Any CPU
		{F76D1067-5956-40A6-B1E7-B46299823051}.Debug|Any CPU.ActiveCfg = Debug|Any CPU
		{F76D1067-5956-40A6-B1E7-B46299823051}.Debug|Any CPU.Build.0 = Debug|Any CPU
		{F76D1067-5956-40A6-B1E7-B46299823051}.Debug|x64.ActiveCfg = Debug|Any CPU
		{F76D1067-5956-40A6-B1E7-B46299823051}.Debug|x64.Build.0 = Debug|Any CPU
		{F76D1067-5956-40A6-B1E7-B46299823051}.Release|Any CPU.ActiveCfg = Release|Any CPU
		{F76D1067-5956-40A6-B1E7-B46299823051}.Release|Any CPU.Build.0 = Release|Any CPU
		{F76D1067-5956-40A6-B1E7-B46299823051}.Release|x64.ActiveCfg = Release|Any CPU
		{F76D1067-5956-40A6-B1E7-B46299823051}.Release|x64.Build.0 = Release|Any CPU
		{F76D1067-5956-40A6-B1E7-B46299823051}.x64|Any CPU.ActiveCfg = Debug|Any CPU
		{F76D1067-5956-40A6-B1E7-B46299823051}.x64|Any CPU.Build.0 = Debug|Any CPU
		{F76D1067-5956-40A6-B1E7-B46299823051}.x64|x64.ActiveCfg = Debug|Any CPU
		{F76D1067-5956-40A6-B1E7-B46299823051}.x64|x64.Build.0 = Debug|Any CPU
		{07F88490-20E1-4AD6-84AE-F09FDBB739B2}.Debug|Any CPU.ActiveCfg = Debug|Any CPU
		{07F88490-20E1-4AD6-84AE-F09FDBB739B2}.Debug|Any CPU.Build.0 = Debug|Any CPU
		{07F88490-20E1-4AD6-84AE-F09FDBB739B2}.Debug|x64.ActiveCfg = Debug|Any CPU
		{07F88490-20E1-4AD6-84AE-F09FDBB739B2}.Debug|x64.Build.0 = Debug|Any CPU
		{07F88490-20E1-4AD6-84AE-F09FDBB739B2}.Release|Any CPU.ActiveCfg = Release|Any CPU
		{07F88490-20E1-4AD6-84AE-F09FDBB739B2}.Release|Any CPU.Build.0 = Release|Any CPU
		{07F88490-20E1-4AD6-84AE-F09FDBB739B2}.Release|x64.ActiveCfg = Release|Any CPU
		{07F88490-20E1-4AD6-84AE-F09FDBB739B2}.Release|x64.Build.0 = Release|Any CPU
		{07F88490-20E1-4AD6-84AE-F09FDBB739B2}.x64|Any CPU.ActiveCfg = Debug|Any CPU
		{07F88490-20E1-4AD6-84AE-F09FDBB739B2}.x64|Any CPU.Build.0 = Debug|Any CPU
		{07F88490-20E1-4AD6-84AE-F09FDBB739B2}.x64|x64.ActiveCfg = Debug|Any CPU
		{07F88490-20E1-4AD6-84AE-F09FDBB739B2}.x64|x64.Build.0 = Debug|Any CPU
		{205F2E7E-6244-428E-ABD3-73F95C897D46}.Debug|Any CPU.ActiveCfg = Debug|Any CPU
		{205F2E7E-6244-428E-ABD3-73F95C897D46}.Debug|Any CPU.Build.0 = Debug|Any CPU
		{205F2E7E-6244-428E-ABD3-73F95C897D46}.Debug|x64.ActiveCfg = Debug|Any CPU
		{205F2E7E-6244-428E-ABD3-73F95C897D46}.Debug|x64.Build.0 = Debug|Any CPU
		{205F2E7E-6244-428E-ABD3-73F95C897D46}.Release|Any CPU.ActiveCfg = Release|Any CPU
		{205F2E7E-6244-428E-ABD3-73F95C897D46}.Release|Any CPU.Build.0 = Release|Any CPU
		{205F2E7E-6244-428E-ABD3-73F95C897D46}.Release|x64.ActiveCfg = Release|Any CPU
		{205F2E7E-6244-428E-ABD3-73F95C897D46}.Release|x64.Build.0 = Release|Any CPU
		{205F2E7E-6244-428E-ABD3-73F95C897D46}.x64|Any CPU.ActiveCfg = Debug|Any CPU
		{205F2E7E-6244-428E-ABD3-73F95C897D46}.x64|Any CPU.Build.0 = Debug|Any CPU
		{205F2E7E-6244-428E-ABD3-73F95C897D46}.x64|x64.ActiveCfg = Debug|Any CPU
		{205F2E7E-6244-428E-ABD3-73F95C897D46}.x64|x64.Build.0 = Debug|Any CPU
		{6FF19B34-4D89-4631-8353-E685F72EE577}.Debug|Any CPU.ActiveCfg = Debug|Any CPU
		{6FF19B34-4D89-4631-8353-E685F72EE577}.Debug|Any CPU.Build.0 = Debug|Any CPU
		{6FF19B34-4D89-4631-8353-E685F72EE577}.Debug|x64.ActiveCfg = Debug|x64
		{6FF19B34-4D89-4631-8353-E685F72EE577}.Debug|x64.Build.0 = Debug|x64
		{6FF19B34-4D89-4631-8353-E685F72EE577}.Release|Any CPU.ActiveCfg = Release|Any CPU
		{6FF19B34-4D89-4631-8353-E685F72EE577}.Release|Any CPU.Build.0 = Release|Any CPU
		{6FF19B34-4D89-4631-8353-E685F72EE577}.Release|x64.ActiveCfg = Release|x64
		{6FF19B34-4D89-4631-8353-E685F72EE577}.Release|x64.Build.0 = Release|x64
		{6FF19B34-4D89-4631-8353-E685F72EE577}.x64|Any CPU.ActiveCfg = Debug|Any CPU
		{6FF19B34-4D89-4631-8353-E685F72EE577}.x64|Any CPU.Build.0 = Debug|Any CPU
		{6FF19B34-4D89-4631-8353-E685F72EE577}.x64|x64.ActiveCfg = Debug|x64
		{6FF19B34-4D89-4631-8353-E685F72EE577}.x64|x64.Build.0 = Debug|x64
		{2FF0CFC4-60C8-49E3-8997-E7F127E1D6FD}.Debug|Any CPU.ActiveCfg = Debug|Any CPU
		{2FF0CFC4-60C8-49E3-8997-E7F127E1D6FD}.Debug|Any CPU.Build.0 = Debug|Any CPU
		{2FF0CFC4-60C8-49E3-8997-E7F127E1D6FD}.Debug|x64.ActiveCfg = Debug|x64
		{2FF0CFC4-60C8-49E3-8997-E7F127E1D6FD}.Debug|x64.Build.0 = Debug|x64
		{2FF0CFC4-60C8-49E3-8997-E7F127E1D6FD}.Release|Any CPU.ActiveCfg = Release|Any CPU
		{2FF0CFC4-60C8-49E3-8997-E7F127E1D6FD}.Release|Any CPU.Build.0 = Release|Any CPU
		{2FF0CFC4-60C8-49E3-8997-E7F127E1D6FD}.Release|x64.ActiveCfg = Release|x64
		{2FF0CFC4-60C8-49E3-8997-E7F127E1D6FD}.Release|x64.Build.0 = Release|x64
		{2FF0CFC4-60C8-49E3-8997-E7F127E1D6FD}.x64|Any CPU.ActiveCfg = Debug|Any CPU
		{2FF0CFC4-60C8-49E3-8997-E7F127E1D6FD}.x64|Any CPU.Build.0 = Debug|Any CPU
		{2FF0CFC4-60C8-49E3-8997-E7F127E1D6FD}.x64|x64.ActiveCfg = Debug|x64
		{2FF0CFC4-60C8-49E3-8997-E7F127E1D6FD}.x64|x64.Build.0 = Debug|x64
		{6B50BC68-4471-42D4-972C-40986AD065BF}.Debug|Any CPU.ActiveCfg = Debug|Any CPU
		{6B50BC68-4471-42D4-972C-40986AD065BF}.Debug|Any CPU.Build.0 = Debug|Any CPU
		{6B50BC68-4471-42D4-972C-40986AD065BF}.Debug|x64.ActiveCfg = Debug|Any CPU
		{6B50BC68-4471-42D4-972C-40986AD065BF}.Debug|x64.Build.0 = Debug|Any CPU
		{6B50BC68-4471-42D4-972C-40986AD065BF}.Release|Any CPU.ActiveCfg = Release|Any CPU
		{6B50BC68-4471-42D4-972C-40986AD065BF}.Release|Any CPU.Build.0 = Release|Any CPU
		{6B50BC68-4471-42D4-972C-40986AD065BF}.Release|x64.ActiveCfg = Release|Any CPU
		{6B50BC68-4471-42D4-972C-40986AD065BF}.Release|x64.Build.0 = Release|Any CPU
		{6B50BC68-4471-42D4-972C-40986AD065BF}.x64|Any CPU.ActiveCfg = Debug|Any CPU
		{6B50BC68-4471-42D4-972C-40986AD065BF}.x64|Any CPU.Build.0 = Debug|Any CPU
		{6B50BC68-4471-42D4-972C-40986AD065BF}.x64|x64.ActiveCfg = Debug|Any CPU
		{6B50BC68-4471-42D4-972C-40986AD065BF}.x64|x64.Build.0 = Debug|Any CPU
		{102AA1A9-B359-4F72-B684-13FC827257EA}.Debug|Any CPU.ActiveCfg = Debug|Any CPU
		{102AA1A9-B359-4F72-B684-13FC827257EA}.Debug|Any CPU.Build.0 = Debug|Any CPU
		{102AA1A9-B359-4F72-B684-13FC827257EA}.Debug|x64.ActiveCfg = Debug|x64
		{102AA1A9-B359-4F72-B684-13FC827257EA}.Debug|x64.Build.0 = Debug|x64
		{102AA1A9-B359-4F72-B684-13FC827257EA}.Release|Any CPU.ActiveCfg = Release|Any CPU
		{102AA1A9-B359-4F72-B684-13FC827257EA}.Release|Any CPU.Build.0 = Release|Any CPU
		{102AA1A9-B359-4F72-B684-13FC827257EA}.Release|x64.ActiveCfg = Release|x64
		{102AA1A9-B359-4F72-B684-13FC827257EA}.Release|x64.Build.0 = Release|x64
		{102AA1A9-B359-4F72-B684-13FC827257EA}.x64|Any CPU.ActiveCfg = Debug|Any CPU
		{102AA1A9-B359-4F72-B684-13FC827257EA}.x64|Any CPU.Build.0 = Debug|Any CPU
		{102AA1A9-B359-4F72-B684-13FC827257EA}.x64|x64.ActiveCfg = Debug|x64
		{102AA1A9-B359-4F72-B684-13FC827257EA}.x64|x64.Build.0 = Debug|x64
	EndGlobalSection
	GlobalSection(SolutionProperties) = preSolution
		HideSolutionNode = FALSE
	EndGlobalSection
	GlobalSection(NestedProjects) = preSolution
		{F58B81AD-D6E8-4167-B513-734E6F277ED8} = {E5FE8DCB-3AA6-4B34-9579-1FACEC68E30D}
		{55180E68-95E7-4FDC-BBDF-2496C965E369} = {E5FE8DCB-3AA6-4B34-9579-1FACEC68E30D}
		{053EA96A-7B55-4E82-B2B1-B05667CDAEBE} = {E5FE8DCB-3AA6-4B34-9579-1FACEC68E30D}
		{2CD78104-D4C8-4AB5-BED6-AEDB3B00A74C} = {49CA3EE2-C358-4F50-A8A4-ACADD148FA27}
		{63DD3EDE-4A9B-47B7-818C-0564732F5BC5} = {49CA3EE2-C358-4F50-A8A4-ACADD148FA27}
		{FE6CB7F7-1F2E-44F1-8156-ACB55D8E4369} = {49CA3EE2-C358-4F50-A8A4-ACADD148FA27}
		{F76D1067-5956-40A6-B1E7-B46299823051} = {49CA3EE2-C358-4F50-A8A4-ACADD148FA27}
	EndGlobalSection
	GlobalSection(ExtensibilityGlobals) = postSolution
		SolutionGuid = {B80169D5-2B2A-40E2-9264-6074465F5179}
	EndGlobalSection
EndGlobal
