
Microsoft Visual Studio Solution File, Format Version 12.00
# Visual Studio 15
VisualStudioVersion = 15.0.26430.6
MinimumVisualStudioVersion = 10.0.40219.1
Project("{FAE04EC0-301F-11D3-BF4B-00C04F79EFBC}") = "Apttus.IntelligentCloudV2.Login", "Apttus.IntelligentCloudV2.Login\Apttus.IntelligentCloudV2.Login.csproj", "{63DD3EDE-4A9B-47B7-818C-0564732F5BC5}"
EndProject
Global
	GlobalSection(SolutionConfigurationPlatforms) = preSolution
		Debug|Any CPU = Debug|Any CPU
		Release|Any CPU = Release|Any CPU
		x64|Any CPU = x64|Any CPU
	EndGlobalSection
	GlobalSection(ProjectConfigurationPlatforms) = postSolution
		{63DD3EDE-4A9B-47B7-818C-0564732F5BC5}.Debug|Any CPU.ActiveCfg = Debug|Any CPU
		{63DD3EDE-4A9B-47B7-818C-0564732F5BC5}.Debug|Any CPU.Build.0 = Debug|Any CPU
		{63DD3EDE-4A9B-47B7-818C-0564732F5BC5}.Release|Any CPU.ActiveCfg = Release|Any CPU
		{63DD3EDE-4A9B-47B7-818C-0564732F5BC5}.Release|Any CPU.Build.0 = Release|Any CPU
		{63DD3EDE-4A9B-47B7-818C-0564732F5BC5}.x64|Any CPU.ActiveCfg = x64|Any CPU
		{63DD3EDE-4A9B-47B7-818C-0564732F5BC5}.x64|Any CPU.Build.0 = x64|Any CPU
	EndGlobalSection
	GlobalSection(SolutionProperties) = preSolution
		HideSolutionNode = FALSE
	EndGlobalSection
	GlobalSection(ExtensibilityGlobals) = postSolution
		SolutionGuid = {FCAD8689-CC42-4C58-BA48-819A94CD6DE9}
	EndGlobalSection
EndGlobal
